
Microsoft Visual Studio Solution File, Format Version 12.00
Project("{FAE04EC0-301F-11D3-BF4B-00C04F79EFBC}") = "Api", "Api\Api.csproj", "{EB240457-87F1-450D-8D2B-317D0F0D55C9}"
EndProject
Project("{FAE04EC0-301F-11D3-BF4B-00C04F79EFBC}") = "Logic", "Logic\Logic.csproj", "{8F3A486D-FBDE-4C1B-9810-FFEE7FC98145}"
EndProject
Project("{FAE04EC0-301F-11D3-BF4B-00C04F79EFBC}") = "Dal", "Dal\Dal.csproj", "{C0C6C39E-272D-4BD0-BFB4-40F5BB248266}"
EndProject
Global
	GlobalSection(SolutionConfigurationPlatforms) = preSolution
		Debug|Any CPU = Debug|Any CPU
		Release|Any CPU = Release|Any CPU
	EndGlobalSection
	GlobalSection(ProjectConfigurationPlatforms) = postSolution
		{EB240457-87F1-450D-8D2B-317D0F0D55C9}.Debug|Any CPU.ActiveCfg = Debug|Any CPU
		{EB240457-87F1-450D-8D2B-317D0F0D55C9}.Debug|Any CPU.Build.0 = Debug|Any CPU
		{EB240457-87F1-450D-8D2B-317D0F0D55C9}.Release|Any CPU.ActiveCfg = Release|Any CPU
		{EB240457-87F1-450D-8D2B-317D0F0D55C9}.Release|Any CPU.Build.0 = Release|Any CPU
		{8F3A486D-FBDE-4C1B-9810-FFEE7FC98145}.Debug|Any CPU.ActiveCfg = Debug|Any CPU
		{8F3A486D-FBDE-4C1B-9810-FFEE7FC98145}.Debug|Any CPU.Build.0 = Debug|Any CPU
		{8F3A486D-FBDE-4C1B-9810-FFEE7FC98145}.Release|Any CPU.ActiveCfg = Release|Any CPU
		{8F3A486D-FBDE-4C1B-9810-FFEE7FC98145}.Release|Any CPU.Build.0 = Release|Any CPU
		{C0C6C39E-272D-4BD0-BFB4-40F5BB248266}.Debug|Any CPU.ActiveCfg = Debug|Any CPU
		{C0C6C39E-272D-4BD0-BFB4-40F5BB248266}.Debug|Any CPU.Build.0 = Debug|Any CPU
		{C0C6C39E-272D-4BD0-BFB4-40F5BB248266}.Release|Any CPU.ActiveCfg = Release|Any CPU
		{C0C6C39E-272D-4BD0-BFB4-40F5BB248266}.Release|Any CPU.Build.0 = Release|Any CPU
	EndGlobalSection
EndGlobal
